// !$*UTF8*$!
{
	archiveVersion = 1;
	classes = {
	};
	objectVersion = 51;
	objects = {

/* Begin PBXBuildFile section */
		30C197AC86AAD43D9BDC3441 /* Pods_Geofire.framework in Frameworks */ = {isa = PBXBuildFile; fileRef = 5AE9B6042F962E287998E545 /* Pods_Geofire.framework */; };
		F436827A255C787B008FFCAC /* AppDelegate.swift in Sources */ = {isa = PBXBuildFile; fileRef = F4368279255C787B008FFCAC /* AppDelegate.swift */; };
		F436827C255C787B008FFCAC /* SceneDelegate.swift in Sources */ = {isa = PBXBuildFile; fileRef = F436827B255C787B008FFCAC /* SceneDelegate.swift */; };
		F436827E255C787B008FFCAC /* LoginView.swift in Sources */ = {isa = PBXBuildFile; fileRef = F436827D255C787B008FFCAC /* LoginView.swift */; };
		F4368280255C787F008FFCAC /* Assets.xcassets in Resources */ = {isa = PBXBuildFile; fileRef = F436827F255C787F008FFCAC /* Assets.xcassets */; };
		F4368283255C787F008FFCAC /* Preview Assets.xcassets in Resources */ = {isa = PBXBuildFile; fileRef = F4368282255C787F008FFCAC /* Preview Assets.xcassets */; };
		F4368286255C787F008FFCAC /* LaunchScreen.storyboard in Resources */ = {isa = PBXBuildFile; fileRef = F4368284255C787F008FFCAC /* LaunchScreen.storyboard */; };
		F4368290255C7CE0008FFCAC /* SignUpView.swift in Sources */ = {isa = PBXBuildFile; fileRef = F436828F255C7CE0008FFCAC /* SignUpView.swift */; };
		F43682A7255C9C8D008FFCAC /* SessionStore.swift in Sources */ = {isa = PBXBuildFile; fileRef = F43682A6255C9C8D008FFCAC /* SessionStore.swift */; };
		F43682AB255CB6A9008FFCAC /* ContentView.swift in Sources */ = {isa = PBXBuildFile; fileRef = F43682AA255CB6A9008FFCAC /* ContentView.swift */; };
		F43682AF255CBB3E008FFCAC /* GoogleService-Info.plist in Resources */ = {isa = PBXBuildFile; fileRef = F43682AE255CBB3E008FFCAC /* GoogleService-Info.plist */; };
		F437AA70255E11A40026E7CF /* HomeView.swift in Sources */ = {isa = PBXBuildFile; fileRef = F437AA6F255E11A40026E7CF /* HomeView.swift */; };
/* End PBXBuildFile section */

/* Begin PBXFileReference section */
		5AE9B6042F962E287998E545 /* Pods_Geofire.framework */ = {isa = PBXFileReference; explicitFileType = wrapper.framework; includeInIndex = 0; path = Pods_Geofire.framework; sourceTree = BUILT_PRODUCTS_DIR; };
		A4D59C1BABF24DC05C6880F4 /* Pods-Geofire.release.xcconfig */ = {isa = PBXFileReference; includeInIndex = 1; lastKnownFileType = text.xcconfig; name = "Pods-Geofire.release.xcconfig"; path = "Target Support Files/Pods-Geofire/Pods-Geofire.release.xcconfig"; sourceTree = "<group>"; };
		E84E028A0F7CAA07BBF42D50 /* Pods-Geofire.debug.xcconfig */ = {isa = PBXFileReference; includeInIndex = 1; lastKnownFileType = text.xcconfig; name = "Pods-Geofire.debug.xcconfig"; path = "Target Support Files/Pods-Geofire/Pods-Geofire.debug.xcconfig"; sourceTree = "<group>"; };
		F4368276255C787B008FFCAC /* Geofire.app */ = {isa = PBXFileReference; explicitFileType = wrapper.application; includeInIndex = 0; path = Geofire.app; sourceTree = BUILT_PRODUCTS_DIR; };
		F4368279255C787B008FFCAC /* AppDelegate.swift */ = {isa = PBXFileReference; lastKnownFileType = sourcecode.swift; path = AppDelegate.swift; sourceTree = "<group>"; };
		F436827B255C787B008FFCAC /* SceneDelegate.swift */ = {isa = PBXFileReference; lastKnownFileType = sourcecode.swift; path = SceneDelegate.swift; sourceTree = "<group>"; };
		F436827D255C787B008FFCAC /* LoginView.swift */ = {isa = PBXFileReference; lastKnownFileType = sourcecode.swift; path = LoginView.swift; sourceTree = "<group>"; };
		F436827F255C787F008FFCAC /* Assets.xcassets */ = {isa = PBXFileReference; lastKnownFileType = folder.assetcatalog; path = Assets.xcassets; sourceTree = "<group>"; };
		F4368282255C787F008FFCAC /* Preview Assets.xcassets */ = {isa = PBXFileReference; lastKnownFileType = folder.assetcatalog; path = "Preview Assets.xcassets"; sourceTree = "<group>"; };
		F4368285255C787F008FFCAC /* Base */ = {isa = PBXFileReference; lastKnownFileType = file.storyboard; name = Base; path = Base.lproj/LaunchScreen.storyboard; sourceTree = "<group>"; };
		F4368287255C787F008FFCAC /* Info.plist */ = {isa = PBXFileReference; lastKnownFileType = text.plist.xml; path = Info.plist; sourceTree = "<group>"; };
		F436828F255C7CE0008FFCAC /* SignUpView.swift */ = {isa = PBXFileReference; lastKnownFileType = sourcecode.swift; path = SignUpView.swift; sourceTree = "<group>"; };
		F43682A6255C9C8D008FFCAC /* SessionStore.swift */ = {isa = PBXFileReference; lastKnownFileType = sourcecode.swift; path = SessionStore.swift; sourceTree = "<group>"; };
		F43682AA255CB6A9008FFCAC /* ContentView.swift */ = {isa = PBXFileReference; lastKnownFileType = sourcecode.swift; path = ContentView.swift; sourceTree = "<group>"; };
		F43682AE255CBB3E008FFCAC /* GoogleService-Info.plist */ = {isa = PBXFileReference; fileEncoding = 4; lastKnownFileType = text.plist.xml; path = "GoogleService-Info.plist"; sourceTree = "<group>"; };
		F437AA6F255E11A40026E7CF /* HomeView.swift */ = {isa = PBXFileReference; lastKnownFileType = sourcecode.swift; path = HomeView.swift; sourceTree = "<group>"; };
/* End PBXFileReference section */

/* Begin PBXFrameworksBuildPhase section */
		F4368273255C787B008FFCAC /* Frameworks */ = {
			isa = PBXFrameworksBuildPhase;
			buildActionMask = 2147483647;
			files = (
				30C197AC86AAD43D9BDC3441 /* Pods_Geofire.framework in Frameworks */,
			);
			runOnlyForDeploymentPostprocessing = 0;
		};
/* End PBXFrameworksBuildPhase section */

/* Begin PBXGroup section */
		E610B61F726A05236EC73843 /* Pods */ = {
			isa = PBXGroup;
			children = (
				E84E028A0F7CAA07BBF42D50 /* Pods-Geofire.debug.xcconfig */,
				A4D59C1BABF24DC05C6880F4 /* Pods-Geofire.release.xcconfig */,
			);
			path = Pods;
			sourceTree = "<group>";
		};
		F436826D255C787B008FFCAC = {
			isa = PBXGroup;
			children = (
				F4368278255C787B008FFCAC /* Geofire */,
				F4368277255C787B008FFCAC /* Products */,
				E610B61F726A05236EC73843 /* Pods */,
				F717FC8E66A321EEFDD5AFC3 /* Frameworks */,
			);
			sourceTree = "<group>";
		};
		F4368277255C787B008FFCAC /* Products */ = {
			isa = PBXGroup;
			children = (
				F4368276255C787B008FFCAC /* Geofire.app */,
			);
			name = Products;
			sourceTree = "<group>";
		};
		F4368278255C787B008FFCAC /* Geofire */ = {
			isa = PBXGroup;
			children = (
				F4368279255C787B008FFCAC /* AppDelegate.swift */,
				F436827B255C787B008FFCAC /* SceneDelegate.swift */,
				F43682A5255C9C6E008FFCAC /* Combine */,
				F43682A4255C9C55008FFCAC /* Navigation */,
				F436827F255C787F008FFCAC /* Assets.xcassets */,
				F43682AE255CBB3E008FFCAC /* GoogleService-Info.plist */,
				F4368284255C787F008FFCAC /* LaunchScreen.storyboard */,
				F4368287255C787F008FFCAC /* Info.plist */,
				F4368281255C787F008FFCAC /* Preview Content */,
			);
			path = Geofire;
			sourceTree = "<group>";
		};
		F4368281255C787F008FFCAC /* Preview Content */ = {
			isa = PBXGroup;
			children = (
				F4368282255C787F008FFCAC /* Preview Assets.xcassets */,
			);
			path = "Preview Content";
			sourceTree = "<group>";
		};
		F43682A4255C9C55008FFCAC /* Navigation */ = {
			isa = PBXGroup;
			children = (
				F436827D255C787B008FFCAC /* LoginView.swift */,
				F436828F255C7CE0008FFCAC /* SignUpView.swift */,
				F43682AA255CB6A9008FFCAC /* ContentView.swift */,
				F437AA6F255E11A40026E7CF /* HomeView.swift */,
			);
			path = Navigation;
			sourceTree = "<group>";
		};
		F43682A5255C9C6E008FFCAC /* Combine */ = {
			isa = PBXGroup;
			children = (
				F43682A6255C9C8D008FFCAC /* SessionStore.swift */,
			);
			path = Combine;
			sourceTree = "<group>";
		};
		F717FC8E66A321EEFDD5AFC3 /* Frameworks */ = {
			isa = PBXGroup;
			children = (
				5AE9B6042F962E287998E545 /* Pods_Geofire.framework */,
			);
			name = Frameworks;
			sourceTree = "<group>";
		};
/* End PBXGroup section */

/* Begin PBXNativeTarget section */
		F4368275255C787B008FFCAC /* Geofire */ = {
			isa = PBXNativeTarget;
			buildConfigurationList = F436828A255C787F008FFCAC /* Build configuration list for PBXNativeTarget "Geofire" */;
			buildPhases = (
				C0E4CB89C6272C23BEE2C22F /* [CP] Check Pods Manifest.lock */,
				F4368272255C787B008FFCAC /* Sources */,
				F4368273255C787B008FFCAC /* Frameworks */,
				F4368274255C787B008FFCAC /* Resources */,
				8B08EF4DFEBD4E8BE5F6F7A9 /* [CP] Embed Pods Frameworks */,
			);
			buildRules = (
			);
			dependencies = (
			);
			name = Geofire;
			productName = Geofire;
			productReference = F4368276255C787B008FFCAC /* Geofire.app */;
			productType = "com.apple.product-type.application";
		};
/* End PBXNativeTarget section */

/* Begin PBXProject section */
		F436826E255C787B008FFCAC /* Project object */ = {
			isa = PBXProject;
			attributes = {
				LastSwiftUpdateCheck = 1220;
				LastUpgradeCheck = 1220;
				TargetAttributes = {
					F4368275255C787B008FFCAC = {
						CreatedOnToolsVersion = 12.2;
					};
				};
			};
			buildConfigurationList = F4368271255C787B008FFCAC /* Build configuration list for PBXProject "Geofire" */;
			compatibilityVersion = "Xcode 9.3";
			developmentRegion = en;
			hasScannedForEncodings = 0;
			knownRegions = (
				en,
				Base,
			);
			mainGroup = F436826D255C787B008FFCAC;
			productRefGroup = F4368277255C787B008FFCAC /* Products */;
			projectDirPath = "";
			projectRoot = "";
			targets = (
				F4368275255C787B008FFCAC /* Geofire */,
			);
		};
/* End PBXProject section */

/* Begin PBXResourcesBuildPhase section */
		F4368274255C787B008FFCAC /* Resources */ = {
			isa = PBXResourcesBuildPhase;
			buildActionMask = 2147483647;
			files = (
				F43682AF255CBB3E008FFCAC /* GoogleService-Info.plist in Resources */,
				F4368286255C787F008FFCAC /* LaunchScreen.storyboard in Resources */,
				F4368283255C787F008FFCAC /* Preview Assets.xcassets in Resources */,
				F4368280255C787F008FFCAC /* Assets.xcassets in Resources */,
			);
			runOnlyForDeploymentPostprocessing = 0;
		};
/* End PBXResourcesBuildPhase section */

/* Begin PBXShellScriptBuildPhase section */
		8B08EF4DFEBD4E8BE5F6F7A9 /* [CP] Embed Pods Frameworks */ = {
			isa = PBXShellScriptBuildPhase;
			buildActionMask = 2147483647;
			files = (
			);
			inputFileListPaths = (
				"${PODS_ROOT}/Target Support Files/Pods-Geofire/Pods-Geofire-frameworks-${CONFIGURATION}-input-files.xcfilelist",
			);
			name = "[CP] Embed Pods Frameworks";
			outputFileListPaths = (
				"${PODS_ROOT}/Target Support Files/Pods-Geofire/Pods-Geofire-frameworks-${CONFIGURATION}-output-files.xcfilelist",
			);
			runOnlyForDeploymentPostprocessing = 0;
			shellPath = /bin/sh;
			shellScript = "\"${PODS_ROOT}/Target Support Files/Pods-Geofire/Pods-Geofire-frameworks.sh\"\n";
			showEnvVarsInLog = 0;
		};
		C0E4CB89C6272C23BEE2C22F /* [CP] Check Pods Manifest.lock */ = {
			isa = PBXShellScriptBuildPhase;
			buildActionMask = 2147483647;
			files = (
			);
			inputFileListPaths = (
			);
			inputPaths = (
				"${PODS_PODFILE_DIR_PATH}/Podfile.lock",
				"${PODS_ROOT}/Manifest.lock",
			);
			name = "[CP] Check Pods Manifest.lock";
			outputFileListPaths = (
			);
			outputPaths = (
				"$(DERIVED_FILE_DIR)/Pods-Geofire-checkManifestLockResult.txt",
			);
			runOnlyForDeploymentPostprocessing = 0;
			shellPath = /bin/sh;
			shellScript = "diff \"${PODS_PODFILE_DIR_PATH}/Podfile.lock\" \"${PODS_ROOT}/Manifest.lock\" > /dev/null\nif [ $? != 0 ] ; then\n    # print error to STDERR\n    echo \"error: The sandbox is not in sync with the Podfile.lock. Run 'pod install' or update your CocoaPods installation.\" >&2\n    exit 1\nfi\n# This output is used by Xcode 'outputs' to avoid re-running this script phase.\necho \"SUCCESS\" > \"${SCRIPT_OUTPUT_FILE_0}\"\n";
			showEnvVarsInLog = 0;
		};
/* End PBXShellScriptBuildPhase section */

/* Begin PBXSourcesBuildPhase section */
		F4368272255C787B008FFCAC /* Sources */ = {
			isa = PBXSourcesBuildPhase;
			buildActionMask = 2147483647;
			files = (
				F4368290255C7CE0008FFCAC /* SignUpView.swift in Sources */,
				F437AA70255E11A40026E7CF /* HomeView.swift in Sources */,
				F43682AB255CB6A9008FFCAC /* ContentView.swift in Sources */,
				F43682A7255C9C8D008FFCAC /* SessionStore.swift in Sources */,
				F436827A255C787B008FFCAC /* AppDelegate.swift in Sources */,
				F436827C255C787B008FFCAC /* SceneDelegate.swift in Sources */,
				F436827E255C787B008FFCAC /* LoginView.swift in Sources */,
			);
			runOnlyForDeploymentPostprocessing = 0;
		};
/* End PBXSourcesBuildPhase section */

/* Begin PBXVariantGroup section */
		F4368284255C787F008FFCAC /* LaunchScreen.storyboard */ = {
			isa = PBXVariantGroup;
			children = (
				F4368285255C787F008FFCAC /* Base */,
			);
			name = LaunchScreen.storyboard;
			sourceTree = "<group>";
		};
/* End PBXVariantGroup section */

/* Begin XCBuildConfiguration section */
		F4368288255C787F008FFCAC /* Debug */ = {
			isa = XCBuildConfiguration;
			buildSettings = {
				ALWAYS_SEARCH_USER_PATHS = NO;
				CLANG_ANALYZER_NONNULL = YES;
				CLANG_ANALYZER_NUMBER_OBJECT_CONVERSION = YES_AGGRESSIVE;
				CLANG_CXX_LANGUAGE_STANDARD = "gnu++14";
				CLANG_CXX_LIBRARY = "libc++";
				CLANG_ENABLE_MODULES = YES;
				CLANG_ENABLE_OBJC_ARC = YES;
				CLANG_ENABLE_OBJC_WEAK = YES;
				CLANG_WARN_BLOCK_CAPTURE_AUTORELEASING = YES;
				CLANG_WARN_BOOL_CONVERSION = YES;
				CLANG_WARN_COMMA = YES;
				CLANG_WARN_CONSTANT_CONVERSION = YES;
				CLANG_WARN_DEPRECATED_OBJC_IMPLEMENTATIONS = YES;
				CLANG_WARN_DIRECT_OBJC_ISA_USAGE = YES_ERROR;
				CLANG_WARN_DOCUMENTATION_COMMENTS = YES;
				CLANG_WARN_EMPTY_BODY = YES;
				CLANG_WARN_ENUM_CONVERSION = YES;
				CLANG_WARN_INFINITE_RECURSION = YES;
				CLANG_WARN_INT_CONVERSION = YES;
				CLANG_WARN_NON_LITERAL_NULL_CONVERSION = YES;
				CLANG_WARN_OBJC_IMPLICIT_RETAIN_SELF = YES;
				CLANG_WARN_OBJC_LITERAL_CONVERSION = YES;
				CLANG_WARN_OBJC_ROOT_CLASS = YES_ERROR;
				CLANG_WARN_QUOTED_INCLUDE_IN_FRAMEWORK_HEADER = YES;
				CLANG_WARN_RANGE_LOOP_ANALYSIS = YES;
				CLANG_WARN_STRICT_PROTOTYPES = YES;
				CLANG_WARN_SUSPICIOUS_MOVE = YES;
				CLANG_WARN_UNGUARDED_AVAILABILITY = YES_AGGRESSIVE;
				CLANG_WARN_UNREACHABLE_CODE = YES;
				CLANG_WARN__DUPLICATE_METHOD_MATCH = YES;
				COPY_PHASE_STRIP = NO;
				DEBUG_INFORMATION_FORMAT = dwarf;
				ENABLE_STRICT_OBJC_MSGSEND = YES;
				ENABLE_TESTABILITY = YES;
				GCC_C_LANGUAGE_STANDARD = gnu11;
				GCC_DYNAMIC_NO_PIC = NO;
				GCC_NO_COMMON_BLOCKS = YES;
				GCC_OPTIMIZATION_LEVEL = 0;
				GCC_PREPROCESSOR_DEFINITIONS = (
					"DEBUG=1",
					"$(inherited)",
				);
				GCC_WARN_64_TO_32_BIT_CONVERSION = YES;
				GCC_WARN_ABOUT_RETURN_TYPE = YES_ERROR;
				GCC_WARN_UNDECLARED_SELECTOR = YES;
				GCC_WARN_UNINITIALIZED_AUTOS = YES_AGGRESSIVE;
				GCC_WARN_UNUSED_FUNCTION = YES;
				GCC_WARN_UNUSED_VARIABLE = YES;
				IPHONEOS_DEPLOYMENT_TARGET = 14.2;
				MTL_ENABLE_DEBUG_INFO = INCLUDE_SOURCE;
				MTL_FAST_MATH = YES;
				ONLY_ACTIVE_ARCH = YES;
				SDKROOT = iphoneos;
				SWIFT_ACTIVE_COMPILATION_CONDITIONS = DEBUG;
				SWIFT_OPTIMIZATION_LEVEL = "-Onone";
			};
			name = Debug;
		};
		F4368289255C787F008FFCAC /* Release */ = {
			isa = XCBuildConfiguration;
			buildSettings = {
				ALWAYS_SEARCH_USER_PATHS = NO;
				CLANG_ANALYZER_NONNULL = YES;
				CLANG_ANALYZER_NUMBER_OBJECT_CONVERSION = YES_AGGRESSIVE;
				CLANG_CXX_LANGUAGE_STANDARD = "gnu++14";
				CLANG_CXX_LIBRARY = "libc++";
				CLANG_ENABLE_MODULES = YES;
				CLANG_ENABLE_OBJC_ARC = YES;
				CLANG_ENABLE_OBJC_WEAK = YES;
				CLANG_WARN_BLOCK_CAPTURE_AUTORELEASING = YES;
				CLANG_WARN_BOOL_CONVERSION = YES;
				CLANG_WARN_COMMA = YES;
				CLANG_WARN_CONSTANT_CONVERSION = YES;
				CLANG_WARN_DEPRECATED_OBJC_IMPLEMENTATIONS = YES;
				CLANG_WARN_DIRECT_OBJC_ISA_USAGE = YES_ERROR;
				CLANG_WARN_DOCUMENTATION_COMMENTS = YES;
				CLANG_WARN_EMPTY_BODY = YES;
				CLANG_WARN_ENUM_CONVERSION = YES;
				CLANG_WARN_INFINITE_RECURSION = YES;
				CLANG_WARN_INT_CONVERSION = YES;
				CLANG_WARN_NON_LITERAL_NULL_CONVERSION = YES;
				CLANG_WARN_OBJC_IMPLICIT_RETAIN_SELF = YES;
				CLANG_WARN_OBJC_LITERAL_CONVERSION = YES;
				CLANG_WARN_OBJC_ROOT_CLASS = YES_ERROR;
				CLANG_WARN_QUOTED_INCLUDE_IN_FRAMEWORK_HEADER = YES;
				CLANG_WARN_RANGE_LOOP_ANALYSIS = YES;
				CLANG_WARN_STRICT_PROTOTYPES = YES;
				CLANG_WARN_SUSPICIOUS_MOVE = YES;
				CLANG_WARN_UNGUARDED_AVAILABILITY = YES_AGGRESSIVE;
				CLANG_WARN_UNREACHABLE_CODE = YES;
				CLANG_WARN__DUPLICATE_METHOD_MATCH = YES;
				COPY_PHASE_STRIP = NO;
				DEBUG_INFORMATION_FORMAT = "dwarf-with-dsym";
				ENABLE_NS_ASSERTIONS = NO;
				ENABLE_STRICT_OBJC_MSGSEND = YES;
				GCC_C_LANGUAGE_STANDARD = gnu11;
				GCC_NO_COMMON_BLOCKS = YES;
				GCC_WARN_64_TO_32_BIT_CONVERSION = YES;
				GCC_WARN_ABOUT_RETURN_TYPE = YES_ERROR;
				GCC_WARN_UNDECLARED_SELECTOR = YES;
				GCC_WARN_UNINITIALIZED_AUTOS = YES_AGGRESSIVE;
				GCC_WARN_UNUSED_FUNCTION = YES;
				GCC_WARN_UNUSED_VARIABLE = YES;
				IPHONEOS_DEPLOYMENT_TARGET = 14.2;
				MTL_ENABLE_DEBUG_INFO = NO;
				MTL_FAST_MATH = YES;
				SDKROOT = iphoneos;
				SWIFT_COMPILATION_MODE = wholemodule;
				SWIFT_OPTIMIZATION_LEVEL = "-O";
				VALIDATE_PRODUCT = YES;
			};
			name = Release;
		};
		F436828B255C787F008FFCAC /* Debug */ = {
			isa = XCBuildConfiguration;
			baseConfigurationReference = E84E028A0F7CAA07BBF42D50 /* Pods-Geofire.debug.xcconfig */;
			buildSettings = {
				ASSETCATALOG_COMPILER_APPICON_NAME = AppIcon;
				ASSETCATALOG_COMPILER_GLOBAL_ACCENT_COLOR_NAME = AccentColor;
				CODE_SIGN_STYLE = Automatic;
				DEVELOPMENT_ASSET_PATHS = "\"Geofire/Preview Content\"";
				DEVELOPMENT_TEAM = 9G2243U9KY;
				ENABLE_PREVIEWS = YES;
				INFOPLIST_FILE = Geofire/Info.plist;
				LD_RUNPATH_SEARCH_PATHS = (
					"$(inherited)",
					"@executable_path/Frameworks",
				);
				PRODUCT_BUNDLE_IDENTIFIER = TeeksCode.Geofire;
				PRODUCT_NAME = "$(TARGET_NAME)";
				SWIFT_VERSION = 5.0;
				TARGETED_DEVICE_FAMILY = "1,2";
			};
			name = Debug;
		};
		F436828C255C787F008FFCAC /* Release */ = {
			isa = XCBuildConfiguration;
			baseConfigurationReference = A4D59C1BABF24DC05C6880F4 /* Pods-Geofire.release.xcconfig */;
			buildSettings = {
				ASSETCATALOG_COMPILER_APPICON_NAME = AppIcon;
				ASSETCATALOG_COMPILER_GLOBAL_ACCENT_COLOR_NAME = AccentColor;
				CODE_SIGN_STYLE = Automatic;
				DEVELOPMENT_ASSET_PATHS = "\"Geofire/Preview Content\"";
				DEVELOPMENT_TEAM = 9G2243U9KY;
				ENABLE_PREVIEWS = YES;
				INFOPLIST_FILE = Geofire/Info.plist;
				LD_RUNPATH_SEARCH_PATHS = (
					"$(inherited)",
					"@executable_path/Frameworks",
				);
				PRODUCT_BUNDLE_IDENTIFIER = TeeksCode.Geofire;
				PRODUCT_NAME = "$(TARGET_NAME)";
				SWIFT_VERSION = 5.0;
				TARGETED_DEVICE_FAMILY = "1,2";
			};
			name = Release;
		};
/* End XCBuildConfiguration section */

/* Begin XCConfigurationList section */
		F4368271255C787B008FFCAC /* Build configuration list for PBXProject "Geofire" */ = {
			isa = XCConfigurationList;
			buildConfigurations = (
				F4368288255C787F008FFCAC /* Debug */,
				F4368289255C787F008FFCAC /* Release */,
			);
			defaultConfigurationIsVisible = 0;
			defaultConfigurationName = Release;
		};
		F436828A255C787F008FFCAC /* Build configuration list for PBXNativeTarget "Geofire" */ = {
			isa = XCConfigurationList;
			buildConfigurations = (
				F436828B255C787F008FFCAC /* Debug */,
				F436828C255C787F008FFCAC /* Release */,
			);
			defaultConfigurationIsVisible = 0;
			defaultConfigurationName = Release;
		};
/* End XCConfigurationList section */
	};
	rootObject = F436826E255C787B008FFCAC /* Project object */;
}
